
Microsoft Visual Studio Solution File, Format Version 12.00
# Visual Studio Version 17
VisualStudioVersion = 17.0.32014.148
MinimumVisualStudioVersion = 10.0.40219.1
Project("{8BC9CEB8-8B4A-11D0-8D11-00A0C91BC942}") = "BOJ_15726", "BOJ_15726\BOJ_15726.vcxproj", "{B2A65B1D-A389-4EF4-BFB8-26085559AF9D}"
EndProject
Global
	GlobalSection(SolutionConfigurationPlatforms) = preSolution
		Debug|x64 = Debug|x64
		Release|x64 = Release|x64
	EndGlobalSection
	GlobalSection(ProjectConfigurationPlatforms) = postSolution
		{B2A65B1D-A389-4EF4-BFB8-26085559AF9D}.Debug|x64.ActiveCfg = Debug|x64
		{B2A65B1D-A389-4EF4-BFB8-26085559AF9D}.Debug|x64.Build.0 = Debug|x64
		{B2A65B1D-A389-4EF4-BFB8-26085559AF9D}.Release|x64.ActiveCfg = Release|x64
		{B2A65B1D-A389-4EF4-BFB8-26085559AF9D}.Release|x64.Build.0 = Release|x64
	EndGlobalSection
	GlobalSection(SolutionProperties) = preSolution
		HideSolutionNode = FALSE
	EndGlobalSection
	GlobalSection(ExtensibilityGlobals) = postSolution
		SolutionGuid = {FFE67BD9-8140-4A02-A2EB-ACECBE322EBE}
	EndGlobalSection
EndGlobal
